// !$*UTF8*$!
{
	archiveVersion = 1;
	classes = {
	};
	objectVersion = 46;
	objects = {

/* Begin PBXBuildFile section */
		329B2F611EA90B32007F814F /* AppDelegate.swift in Sources */ = {isa = PBXBuildFile; fileRef = 329B2F601EA90B32007F814F /* AppDelegate.swift */; };
		329B2F631EA90B32007F814F /* ViewController.swift in Sources */ = {isa = PBXBuildFile; fileRef = 329B2F621EA90B32007F814F /* ViewController.swift */; };
		329B2F651EA90B32007F814F /* Assets.xcassets in Resources */ = {isa = PBXBuildFile; fileRef = 329B2F641EA90B32007F814F /* Assets.xcassets */; };
		329B2F681EA90B32007F814F /* Main.storyboard in Resources */ = {isa = PBXBuildFile; fileRef = 329B2F661EA90B32007F814F /* Main.storyboard */; };
		329B2F731EA90B32007F814F /* ticTacToeTests.swift in Sources */ = {isa = PBXBuildFile; fileRef = 329B2F721EA90B32007F814F /* ticTacToeTests.swift */; };
		329B2F7E1EA90B32007F814F /* ticTacToeUITests.swift in Sources */ = {isa = PBXBuildFile; fileRef = 329B2F7D1EA90B32007F814F /* ticTacToeUITests.swift */; };
		329B2F8C1EA90C5F007F814F /* Symbol.swift in Sources */ = {isa = PBXBuildFile; fileRef = 329B2F8B1EA90C5F007F814F /* Symbol.swift */; };
		329B2F8E1EA90CB2007F814F /* Player.swift in Sources */ = {isa = PBXBuildFile; fileRef = 329B2F8D1EA90CB2007F814F /* Player.swift */; };
		329B2F901EA90D0D007F814F /* BoardTests.swift in Sources */ = {isa = PBXBuildFile; fileRef = 329B2F8F1EA90D0D007F814F /* BoardTests.swift */; };
		329B2F921EA90E8D007F814F /* Board.swift in Sources */ = {isa = PBXBuildFile; fileRef = 329B2F911EA90E8D007F814F /* Board.swift */; };
		329B2F941EA913BB007F814F /* Space.swift in Sources */ = {isa = PBXBuildFile; fileRef = 329B2F931EA913BB007F814F /* Space.swift */; };
/* End PBXBuildFile section */

/* Begin PBXContainerItemProxy section */
		329B2F6F1EA90B32007F814F /* PBXContainerItemProxy */ = {
			isa = PBXContainerItemProxy;
			containerPortal = 329B2F551EA90B32007F814F /* Project object */;
			proxyType = 1;
			remoteGlobalIDString = 329B2F5C1EA90B32007F814F;
			remoteInfo = ticTacToe;
		};
		329B2F7A1EA90B32007F814F /* PBXContainerItemProxy */ = {
			isa = PBXContainerItemProxy;
			containerPortal = 329B2F551EA90B32007F814F /* Project object */;
			proxyType = 1;
			remoteGlobalIDString = 329B2F5C1EA90B32007F814F;
			remoteInfo = ticTacToe;
		};
/* End PBXContainerItemProxy section */

/* Begin PBXFileReference section */
		329B2F5D1EA90B32007F814F /* ticTacToe.app */ = {isa = PBXFileReference; explicitFileType = wrapper.application; includeInIndex = 0; path = ticTacToe.app; sourceTree = BUILT_PRODUCTS_DIR; };
		329B2F601EA90B32007F814F /* AppDelegate.swift */ = {isa = PBXFileReference; lastKnownFileType = sourcecode.swift; path = AppDelegate.swift; sourceTree = "<group>"; };
		329B2F621EA90B32007F814F /* ViewController.swift */ = {isa = PBXFileReference; lastKnownFileType = sourcecode.swift; path = ViewController.swift; sourceTree = "<group>"; };
		329B2F641EA90B32007F814F /* Assets.xcassets */ = {isa = PBXFileReference; lastKnownFileType = folder.assetcatalog; path = Assets.xcassets; sourceTree = "<group>"; };
		329B2F671EA90B32007F814F /* Base */ = {isa = PBXFileReference; lastKnownFileType = file.storyboard; name = Base; path = Base.lproj/Main.storyboard; sourceTree = "<group>"; };
		329B2F691EA90B32007F814F /* Info.plist */ = {isa = PBXFileReference; lastKnownFileType = text.plist.xml; path = Info.plist; sourceTree = "<group>"; };
		329B2F6E1EA90B32007F814F /* ticTacToeTests.xctest */ = {isa = PBXFileReference; explicitFileType = wrapper.cfbundle; includeInIndex = 0; path = ticTacToeTests.xctest; sourceTree = BUILT_PRODUCTS_DIR; };
		329B2F721EA90B32007F814F /* ticTacToeTests.swift */ = {isa = PBXFileReference; lastKnownFileType = sourcecode.swift; path = ticTacToeTests.swift; sourceTree = "<group>"; };
		329B2F741EA90B32007F814F /* Info.plist */ = {isa = PBXFileReference; lastKnownFileType = text.plist.xml; path = Info.plist; sourceTree = "<group>"; };
		329B2F791EA90B32007F814F /* ticTacToeUITests.xctest */ = {isa = PBXFileReference; explicitFileType = wrapper.cfbundle; includeInIndex = 0; path = ticTacToeUITests.xctest; sourceTree = BUILT_PRODUCTS_DIR; };
		329B2F7D1EA90B32007F814F /* ticTacToeUITests.swift */ = {isa = PBXFileReference; lastKnownFileType = sourcecode.swift; path = ticTacToeUITests.swift; sourceTree = "<group>"; };
		329B2F7F1EA90B32007F814F /* Info.plist */ = {isa = PBXFileReference; lastKnownFileType = text.plist.xml; path = Info.plist; sourceTree = "<group>"; };
		329B2F8B1EA90C5F007F814F /* Symbol.swift */ = {isa = PBXFileReference; fileEncoding = 4; lastKnownFileType = sourcecode.swift; path = Symbol.swift; sourceTree = "<group>"; };
		329B2F8D1EA90CB2007F814F /* Player.swift */ = {isa = PBXFileReference; fileEncoding = 4; lastKnownFileType = sourcecode.swift; path = Player.swift; sourceTree = "<group>"; };
		329B2F8F1EA90D0D007F814F /* BoardTests.swift */ = {isa = PBXFileReference; fileEncoding = 4; lastKnownFileType = sourcecode.swift; path = BoardTests.swift; sourceTree = "<group>"; };
		329B2F911EA90E8D007F814F /* Board.swift */ = {isa = PBXFileReference; fileEncoding = 4; lastKnownFileType = sourcecode.swift; path = Board.swift; sourceTree = "<group>"; };
		329B2F931EA913BB007F814F /* Space.swift */ = {isa = PBXFileReference; fileEncoding = 4; lastKnownFileType = sourcecode.swift; path = Space.swift; sourceTree = "<group>"; };
/* End PBXFileReference section */

/* Begin PBXFrameworksBuildPhase section */
		329B2F5A1EA90B32007F814F /* Frameworks */ = {
			isa = PBXFrameworksBuildPhase;
			buildActionMask = 2147483647;
			files = (
			);
			runOnlyForDeploymentPostprocessing = 0;
		};
		329B2F6B1EA90B32007F814F /* Frameworks */ = {
			isa = PBXFrameworksBuildPhase;
			buildActionMask = 2147483647;
			files = (
			);
			runOnlyForDeploymentPostprocessing = 0;
		};
		329B2F761EA90B32007F814F /* Frameworks */ = {
			isa = PBXFrameworksBuildPhase;
			buildActionMask = 2147483647;
			files = (
			);
			runOnlyForDeploymentPostprocessing = 0;
		};
/* End PBXFrameworksBuildPhase section */

/* Begin PBXGroup section */
		329B2F541EA90B32007F814F = {
			isa = PBXGroup;
			children = (
				329B2F5F1EA90B32007F814F /* ticTacToe */,
				329B2F711EA90B32007F814F /* ticTacToeTests */,
				329B2F7C1EA90B32007F814F /* ticTacToeUITests */,
				329B2F5E1EA90B32007F814F /* Products */,
			);
			sourceTree = "<group>";
		};
		329B2F5E1EA90B32007F814F /* Products */ = {
			isa = PBXGroup;
			children = (
				329B2F5D1EA90B32007F814F /* ticTacToe.app */,
				329B2F6E1EA90B32007F814F /* ticTacToeTests.xctest */,
				329B2F791EA90B32007F814F /* ticTacToeUITests.xctest */,
			);
			name = Products;
			sourceTree = "<group>";
		};
		329B2F5F1EA90B32007F814F /* ticTacToe */ = {
			isa = PBXGroup;
			children = (
				329B2F601EA90B32007F814F /* AppDelegate.swift */,
				329B2F8B1EA90C5F007F814F /* Symbol.swift */,
				329B2F931EA913BB007F814F /* Space.swift */,
				329B2F8D1EA90CB2007F814F /* Player.swift */,
				329B2F911EA90E8D007F814F /* Board.swift */,
				329B2F621EA90B32007F814F /* ViewController.swift */,
				329B2F641EA90B32007F814F /* Assets.xcassets */,
				329B2F661EA90B32007F814F /* Main.storyboard */,
				329B2F691EA90B32007F814F /* Info.plist */,
			);
			path = ticTacToe;
			sourceTree = "<group>";
		};
		329B2F711EA90B32007F814F /* ticTacToeTests */ = {
			isa = PBXGroup;
			children = (
				329B2F721EA90B32007F814F /* ticTacToeTests.swift */,
				329B2F8F1EA90D0D007F814F /* BoardTests.swift */,
				329B2F741EA90B32007F814F /* Info.plist */,
			);
			path = ticTacToeTests;
			sourceTree = "<group>";
		};
		329B2F7C1EA90B32007F814F /* ticTacToeUITests */ = {
			isa = PBXGroup;
			children = (
				329B2F7D1EA90B32007F814F /* ticTacToeUITests.swift */,
				329B2F7F1EA90B32007F814F /* Info.plist */,
			);
			path = ticTacToeUITests;
			sourceTree = "<group>";
		};
/* End PBXGroup section */

/* Begin PBXNativeTarget section */
		329B2F5C1EA90B32007F814F /* ticTacToe */ = {
			isa = PBXNativeTarget;
			buildConfigurationList = 329B2F821EA90B32007F814F /* Build configuration list for PBXNativeTarget "ticTacToe" */;
			buildPhases = (
				329B2F591EA90B32007F814F /* Sources */,
				329B2F5A1EA90B32007F814F /* Frameworks */,
				329B2F5B1EA90B32007F814F /* Resources */,
			);
			buildRules = (
			);
			dependencies = (
			);
			name = ticTacToe;
			productName = ticTacToe;
			productReference = 329B2F5D1EA90B32007F814F /* ticTacToe.app */;
			productType = "com.apple.product-type.application";
		};
		329B2F6D1EA90B32007F814F /* ticTacToeTests */ = {
			isa = PBXNativeTarget;
			buildConfigurationList = 329B2F851EA90B32007F814F /* Build configuration list for PBXNativeTarget "ticTacToeTests" */;
			buildPhases = (
				329B2F6A1EA90B32007F814F /* Sources */,
				329B2F6B1EA90B32007F814F /* Frameworks */,
				329B2F6C1EA90B32007F814F /* Resources */,
			);
			buildRules = (
			);
			dependencies = (
				329B2F701EA90B32007F814F /* PBXTargetDependency */,
			);
			name = ticTacToeTests;
			productName = ticTacToeTests;
			productReference = 329B2F6E1EA90B32007F814F /* ticTacToeTests.xctest */;
			productType = "com.apple.product-type.bundle.unit-test";
		};
		329B2F781EA90B32007F814F /* ticTacToeUITests */ = {
			isa = PBXNativeTarget;
			buildConfigurationList = 329B2F881EA90B32007F814F /* Build configuration list for PBXNativeTarget "ticTacToeUITests" */;
			buildPhases = (
				329B2F751EA90B32007F814F /* Sources */,
				329B2F761EA90B32007F814F /* Frameworks */,
				329B2F771EA90B32007F814F /* Resources */,
			);
			buildRules = (
			);
			dependencies = (
				329B2F7B1EA90B32007F814F /* PBXTargetDependency */,
			);
			name = ticTacToeUITests;
			productName = ticTacToeUITests;
			productReference = 329B2F791EA90B32007F814F /* ticTacToeUITests.xctest */;
			productType = "com.apple.product-type.bundle.ui-testing";
		};
/* End PBXNativeTarget section */

/* Begin PBXProject section */
		329B2F551EA90B32007F814F /* Project object */ = {
			isa = PBXProject;
			attributes = {
				LastSwiftUpdateCheck = 0830;
				LastUpgradeCheck = 0830;
				ORGANIZATIONNAME = "Buttons and Lights LLC";
				TargetAttributes = {
					329B2F5C1EA90B32007F814F = {
						CreatedOnToolsVersion = 8.3.1;
						DevelopmentTeam = K3S3BWK3L4;
						ProvisioningStyle = Automatic;
					};
					329B2F6D1EA90B32007F814F = {
						CreatedOnToolsVersion = 8.3.1;
						DevelopmentTeam = K3S3BWK3L4;
						ProvisioningStyle = Automatic;
						TestTargetID = 329B2F5C1EA90B32007F814F;
					};
					329B2F781EA90B32007F814F = {
						CreatedOnToolsVersion = 8.3.1;
						DevelopmentTeam = K3S3BWK3L4;
						ProvisioningStyle = Automatic;
						TestTargetID = 329B2F5C1EA90B32007F814F;
					};
				};
			};
			buildConfigurationList = 329B2F581EA90B32007F814F /* Build configuration list for PBXProject "ticTacToe" */;
			compatibilityVersion = "Xcode 3.2";
			developmentRegion = English;
			hasScannedForEncodings = 0;
			knownRegions = (
				en,
				Base,
			);
			mainGroup = 329B2F541EA90B32007F814F;
			productRefGroup = 329B2F5E1EA90B32007F814F /* Products */;
			projectDirPath = "";
			projectRoot = "";
			targets = (
				329B2F5C1EA90B32007F814F /* ticTacToe */,
				329B2F6D1EA90B32007F814F /* ticTacToeTests */,
				329B2F781EA90B32007F814F /* ticTacToeUITests */,
			);
		};
/* End PBXProject section */

/* Begin PBXResourcesBuildPhase section */
		329B2F5B1EA90B32007F814F /* Resources */ = {
			isa = PBXResourcesBuildPhase;
			buildActionMask = 2147483647;
			files = (
				329B2F651EA90B32007F814F /* Assets.xcassets in Resources */,
				329B2F681EA90B32007F814F /* Main.storyboard in Resources */,
			);
			runOnlyForDeploymentPostprocessing = 0;
		};
		329B2F6C1EA90B32007F814F /* Resources */ = {
			isa = PBXResourcesBuildPhase;
			buildActionMask = 2147483647;
			files = (
			);
			runOnlyForDeploymentPostprocessing = 0;
		};
		329B2F771EA90B32007F814F /* Resources */ = {
			isa = PBXResourcesBuildPhase;
			buildActionMask = 2147483647;
			files = (
			);
			runOnlyForDeploymentPostprocessing = 0;
		};
/* End PBXResourcesBuildPhase section */

/* Begin PBXSourcesBuildPhase section */
		329B2F591EA90B32007F814F /* Sources */ = {
			isa = PBXSourcesBuildPhase;
			buildActionMask = 2147483647;
			files = (
				329B2F8E1EA90CB2007F814F /* Player.swift in Sources */,
				329B2F631EA90B32007F814F /* ViewController.swift in Sources */,
				329B2F941EA913BB007F814F /* Space.swift in Sources */,
				329B2F921EA90E8D007F814F /* Board.swift in Sources */,
				329B2F611EA90B32007F814F /* AppDelegate.swift in Sources */,
				329B2F8C1EA90C5F007F814F /* Symbol.swift in Sources */,
			);
			runOnlyForDeploymentPostprocessing = 0;
		};
		329B2F6A1EA90B32007F814F /* Sources */ = {
			isa = PBXSourcesBuildPhase;
			buildActionMask = 2147483647;
			files = (
				329B2F901EA90D0D007F814F /* BoardTests.swift in Sources */,
				329B2F731EA90B32007F814F /* ticTacToeTests.swift in Sources */,
			);
			runOnlyForDeploymentPostprocessing = 0;
		};
		329B2F751EA90B32007F814F /* Sources */ = {
			isa = PBXSourcesBuildPhase;
			buildActionMask = 2147483647;
			files = (
				329B2F7E1EA90B32007F814F /* ticTacToeUITests.swift in Sources */,
			);
			runOnlyForDeploymentPostprocessing = 0;
		};
/* End PBXSourcesBuildPhase section */

/* Begin PBXTargetDependency section */
		329B2F701EA90B32007F814F /* PBXTargetDependency */ = {
			isa = PBXTargetDependency;
			target = 329B2F5C1EA90B32007F814F /* ticTacToe */;
			targetProxy = 329B2F6F1EA90B32007F814F /* PBXContainerItemProxy */;
		};
		329B2F7B1EA90B32007F814F /* PBXTargetDependency */ = {
			isa = PBXTargetDependency;
			target = 329B2F5C1EA90B32007F814F /* ticTacToe */;
			targetProxy = 329B2F7A1EA90B32007F814F /* PBXContainerItemProxy */;
		};
/* End PBXTargetDependency section */

/* Begin PBXVariantGroup section */
		329B2F661EA90B32007F814F /* Main.storyboard */ = {
			isa = PBXVariantGroup;
			children = (
				329B2F671EA90B32007F814F /* Base */,
			);
			name = Main.storyboard;
			sourceTree = "<group>";
		};
/* End PBXVariantGroup section */

/* Begin XCBuildConfiguration section */
		329B2F801EA90B32007F814F /* Debug */ = {
			isa = XCBuildConfiguration;
			buildSettings = {
				ALWAYS_SEARCH_USER_PATHS = NO;
				CLANG_ANALYZER_NONNULL = YES;
				CLANG_ANALYZER_NUMBER_OBJECT_CONVERSION = YES_AGGRESSIVE;
				CLANG_CXX_LANGUAGE_STANDARD = "gnu++0x";
				CLANG_CXX_LIBRARY = "libc++";
				CLANG_ENABLE_MODULES = YES;
				CLANG_ENABLE_OBJC_ARC = YES;
				CLANG_WARN_BOOL_CONVERSION = YES;
				CLANG_WARN_CONSTANT_CONVERSION = YES;
				CLANG_WARN_DIRECT_OBJC_ISA_USAGE = YES_ERROR;
				CLANG_WARN_DOCUMENTATION_COMMENTS = YES;
				CLANG_WARN_EMPTY_BODY = YES;
				CLANG_WARN_ENUM_CONVERSION = YES;
				CLANG_WARN_INFINITE_RECURSION = YES;
				CLANG_WARN_INT_CONVERSION = YES;
				CLANG_WARN_OBJC_ROOT_CLASS = YES_ERROR;
				CLANG_WARN_SUSPICIOUS_MOVE = YES;
				CLANG_WARN_UNREACHABLE_CODE = YES;
				CLANG_WARN__DUPLICATE_METHOD_MATCH = YES;
				CODE_SIGN_IDENTITY = "-";
				COPY_PHASE_STRIP = NO;
				DEBUG_INFORMATION_FORMAT = dwarf;
				ENABLE_STRICT_OBJC_MSGSEND = YES;
				ENABLE_TESTABILITY = YES;
				GCC_C_LANGUAGE_STANDARD = gnu99;
				GCC_DYNAMIC_NO_PIC = NO;
				GCC_NO_COMMON_BLOCKS = YES;
				GCC_OPTIMIZATION_LEVEL = 0;
				GCC_PREPROCESSOR_DEFINITIONS = (
					"DEBUG=1",
					"$(inherited)",
				);
				GCC_WARN_64_TO_32_BIT_CONVERSION = YES;
				GCC_WARN_ABOUT_RETURN_TYPE = YES_ERROR;
				GCC_WARN_UNDECLARED_SELECTOR = YES;
				GCC_WARN_UNINITIALIZED_AUTOS = YES_AGGRESSIVE;
				GCC_WARN_UNUSED_FUNCTION = YES;
				GCC_WARN_UNUSED_VARIABLE = YES;
				MACOSX_DEPLOYMENT_TARGET = 10.12;
				MTL_ENABLE_DEBUG_INFO = YES;
				ONLY_ACTIVE_ARCH = YES;
				SDKROOT = macosx;
				SWIFT_ACTIVE_COMPILATION_CONDITIONS = DEBUG;
				SWIFT_OPTIMIZATION_LEVEL = "-Onone";
			};
			name = Debug;
		};
		329B2F811EA90B32007F814F /* Release */ = {
			isa = XCBuildConfiguration;
			buildSettings = {
				ALWAYS_SEARCH_USER_PATHS = NO;
				CLANG_ANALYZER_NONNULL = YES;
				CLANG_ANALYZER_NUMBER_OBJECT_CONVERSION = YES_AGGRESSIVE;
				CLANG_CXX_LANGUAGE_STANDARD = "gnu++0x";
				CLANG_CXX_LIBRARY = "libc++";
				CLANG_ENABLE_MODULES = YES;
				CLANG_ENABLE_OBJC_ARC = YES;
				CLANG_WARN_BOOL_CONVERSION = YES;
				CLANG_WARN_CONSTANT_CONVERSION = YES;
				CLANG_WARN_DIRECT_OBJC_ISA_USAGE = YES_ERROR;
				CLANG_WARN_DOCUMENTATION_COMMENTS = YES;
				CLANG_WARN_EMPTY_BODY = YES;
				CLANG_WARN_ENUM_CONVERSION = YES;
				CLANG_WARN_INFINITE_RECURSION = YES;
				CLANG_WARN_INT_CONVERSION = YES;
				CLANG_WARN_OBJC_ROOT_CLASS = YES_ERROR;
				CLANG_WARN_SUSPICIOUS_MOVE = YES;
				CLANG_WARN_UNREACHABLE_CODE = YES;
				CLANG_WARN__DUPLICATE_METHOD_MATCH = YES;
				CODE_SIGN_IDENTITY = "-";
				COPY_PHASE_STRIP = NO;
				DEBUG_INFORMATION_FORMAT = "dwarf-with-dsym";
				ENABLE_NS_ASSERTIONS = NO;
				ENABLE_STRICT_OBJC_MSGSEND = YES;
				GCC_C_LANGUAGE_STANDARD = gnu99;
				GCC_NO_COMMON_BLOCKS = YES;
				GCC_WARN_64_TO_32_BIT_CONVERSION = YES;
				GCC_WARN_ABOUT_RETURN_TYPE = YES_ERROR;
				GCC_WARN_UNDECLARED_SELECTOR = YES;
				GCC_WARN_UNINITIALIZED_AUTOS = YES_AGGRESSIVE;
				GCC_WARN_UNUSED_FUNCTION = YES;
				GCC_WARN_UNUSED_VARIABLE = YES;
				MACOSX_DEPLOYMENT_TARGET = 10.12;
				MTL_ENABLE_DEBUG_INFO = NO;
				SDKROOT = macosx;
				SWIFT_OPTIMIZATION_LEVEL = "-Owholemodule";
			};
			name = Release;
		};
		329B2F831EA90B32007F814F /* Debug */ = {
			isa = XCBuildConfiguration;
			buildSettings = {
				ASSETCATALOG_COMPILER_APPICON_NAME = AppIcon;
				COMBINE_HIDPI_IMAGES = YES;
				DEVELOPMENT_TEAM = K3S3BWK3L4;
				INFOPLIST_FILE = ticTacToe/Info.plist;
				LD_RUNPATH_SEARCH_PATHS = "$(inherited) @executable_path/../Frameworks";
				PRODUCT_BUNDLE_IDENTIFIER = com.buttonsAndLights.ticTacToe;
				PRODUCT_NAME = "$(TARGET_NAME)";
				SWIFT_VERSION = 3.0;
			};
			name = Debug;
		};
		329B2F841EA90B32007F814F /* Release */ = {
			isa = XCBuildConfiguration;
			buildSettings = {
				ASSETCATALOG_COMPILER_APPICON_NAME = AppIcon;
				COMBINE_HIDPI_IMAGES = YES;
				DEVELOPMENT_TEAM = K3S3BWK3L4;
				INFOPLIST_FILE = ticTacToe/Info.plist;
				LD_RUNPATH_SEARCH_PATHS = "$(inherited) @executable_path/../Frameworks";
				PRODUCT_BUNDLE_IDENTIFIER = com.buttonsAndLights.ticTacToe;
				PRODUCT_NAME = "$(TARGET_NAME)";
				SWIFT_VERSION = 3.0;
			};
			name = Release;
		};
		329B2F861EA90B32007F814F /* Debug */ = {
			isa = XCBuildConfiguration;
			buildSettings = {
				ALWAYS_EMBED_SWIFT_STANDARD_LIBRARIES = YES;
				BUNDLE_LOADER = "$(TEST_HOST)";
				COMBINE_HIDPI_IMAGES = YES;
				DEVELOPMENT_TEAM = K3S3BWK3L4;
				INFOPLIST_FILE = ticTacToeTests/Info.plist;
				LD_RUNPATH_SEARCH_PATHS = "$(inherited) @executable_path/../Frameworks @loader_path/../Frameworks";
				PRODUCT_BUNDLE_IDENTIFIER = com.buttonsAndLights.ticTacToeTests;
				PRODUCT_NAME = "$(TARGET_NAME)";
				SWIFT_VERSION = 3.0;
				TEST_HOST = "$(BUILT_PRODUCTS_DIR)/ticTacToe.app/Contents/MacOS/ticTacToe";
			};
			name = Debug;
		};
		329B2F871EA90B32007F814F /* Release */ = {
			isa = XCBuildConfiguration;
			buildSettings = {
				ALWAYS_EMBED_SWIFT_STANDARD_LIBRARIES = YES;
				BUNDLE_LOADER = "$(TEST_HOST)";
				COMBINE_HIDPI_IMAGES = YES;
				DEVELOPMENT_TEAM = K3S3BWK3L4;
				INFOPLIST_FILE = ticTacToeTests/Info.plist;
				LD_RUNPATH_SEARCH_PATHS = "$(inherited) @executable_path/../Frameworks @loader_path/../Frameworks";
				PRODUCT_BUNDLE_IDENTIFIER = com.buttonsAndLights.ticTacToeTests;
				PRODUCT_NAME = "$(TARGET_NAME)";
				SWIFT_VERSION = 3.0;
				TEST_HOST = "$(BUILT_PRODUCTS_DIR)/ticTacToe.app/Contents/MacOS/ticTacToe";
			};
			name = Release;
		};
		329B2F891EA90B32007F814F /* Debug */ = {
			isa = XCBuildConfiguration;
			buildSettings = {
				ALWAYS_EMBED_SWIFT_STANDARD_LIBRARIES = YES;
				COMBINE_HIDPI_IMAGES = YES;
				DEVELOPMENT_TEAM = K3S3BWK3L4;
				INFOPLIST_FILE = ticTacToeUITests/Info.plist;
				LD_RUNPATH_SEARCH_PATHS = "$(inherited) @executable_path/../Frameworks @loader_path/../Frameworks";
				PRODUCT_BUNDLE_IDENTIFIER = com.buttonsAndLights.ticTacToeUITests;
				PRODUCT_NAME = "$(TARGET_NAME)";
				SWIFT_VERSION = 3.0;
				TEST_TARGET_NAME = ticTacToe;
			};
			name = Debug;
		};
		329B2F8A1EA90B32007F814F /* Release */ = {
			isa = XCBuildConfiguration;
			buildSettings = {
				ALWAYS_EMBED_SWIFT_STANDARD_LIBRARIES = YES;
				COMBINE_HIDPI_IMAGES = YES;
				DEVELOPMENT_TEAM = K3S3BWK3L4;
				INFOPLIST_FILE = ticTacToeUITests/Info.plist;
				LD_RUNPATH_SEARCH_PATHS = "$(inherited) @executable_path/../Frameworks @loader_path/../Frameworks";
				PRODUCT_BUNDLE_IDENTIFIER = com.buttonsAndLights.ticTacToeUITests;
				PRODUCT_NAME = "$(TARGET_NAME)";
				SWIFT_VERSION = 3.0;
				TEST_TARGET_NAME = ticTacToe;
			};
			name = Release;
		};
/* End XCBuildConfiguration section */

/* Begin XCConfigurationList section */
		329B2F581EA90B32007F814F /* Build configuration list for PBXProject "ticTacToe" */ = {
			isa = XCConfigurationList;
			buildConfigurations = (
				329B2F801EA90B32007F814F /* Debug */,
				329B2F811EA90B32007F814F /* Release */,
			);
			defaultConfigurationIsVisible = 0;
			defaultConfigurationName = Release;
		};
		329B2F821EA90B32007F814F /* Build configuration list for PBXNativeTarget "ticTacToe" */ = {
			isa = XCConfigurationList;
			buildConfigurations = (
				329B2F831EA90B32007F814F /* Debug */,
				329B2F841EA90B32007F814F /* Release */,
			);
			defaultConfigurationIsVisible = 0;
		};
		329B2F851EA90B32007F814F /* Build configuration list for PBXNativeTarget "ticTacToeTests" */ = {
			isa = XCConfigurationList;
			buildConfigurations = (
				329B2F861EA90B32007F814F /* Debug */,
				329B2F871EA90B32007F814F /* Release */,
			);
			defaultConfigurationIsVisible = 0;
		};
		329B2F881EA90B32007F814F /* Build configuration list for PBXNativeTarget "ticTacToeUITests" */ = {
			isa = XCConfigurationList;
			buildConfigurations = (
				329B2F891EA90B32007F814F /* Debug */,
				329B2F8A1EA90B32007F814F /* Release */,
			);
			defaultConfigurationIsVisible = 0;
		};
/* End XCConfigurationList section */
	};
	rootObject = 329B2F551EA90B32007F814F /* Project object */;
}
