// !$*UTF8*$!
{
	archiveVersion = 1;
	classes = {
	};
	objectVersion = 46;
	objects = {

/* Begin PBXBuildFile section */
		32168E201EB0EC250003582F /* AppDelegate.swift in Sources */ = {isa = PBXBuildFile; fileRef = 32168E1F1EB0EC250003582F /* AppDelegate.swift */; };
		32168E221EB0EC250003582F /* RedViewController.swift in Sources */ = {isa = PBXBuildFile; fileRef = 32168E211EB0EC250003582F /* RedViewController.swift */; };
		32168E271EB0EC250003582F /* Assets.xcassets in Resources */ = {isa = PBXBuildFile; fileRef = 32168E261EB0EC250003582F /* Assets.xcassets */; };
		32168E2A1EB0EC250003582F /* LaunchScreen.storyboard in Resources */ = {isa = PBXBuildFile; fileRef = 32168E281EB0EC250003582F /* LaunchScreen.storyboard */; };
		32168E351EB0EC250003582F /* Containers2Tests.swift in Sources */ = {isa = PBXBuildFile; fileRef = 32168E341EB0EC250003582F /* Containers2Tests.swift */; };
		32168E401EB0EC250003582F /* Containers2UITests.swift in Sources */ = {isa = PBXBuildFile; fileRef = 32168E3F1EB0EC250003582F /* Containers2UITests.swift */; };
		3225600B1EB0F19E00FA634E /* BlueViewController.swift in Sources */ = {isa = PBXBuildFile; fileRef = 3225600A1EB0F19E00FA634E /* BlueViewController.swift */; };
		3225600E1EB0F1D400FA634E /* GreenViewController.swift in Sources */ = {isa = PBXBuildFile; fileRef = 3225600D1EB0F1D400FA634E /* GreenViewController.swift */; };
/* End PBXBuildFile section */

/* Begin PBXContainerItemProxy section */
		32168E311EB0EC250003582F /* PBXContainerItemProxy */ = {
			isa = PBXContainerItemProxy;
			containerPortal = 32168E141EB0EC250003582F /* Project object */;
			proxyType = 1;
			remoteGlobalIDString = 32168E1B1EB0EC250003582F;
			remoteInfo = Containers2;
		};
		32168E3C1EB0EC250003582F /* PBXContainerItemProxy */ = {
			isa = PBXContainerItemProxy;
			containerPortal = 32168E141EB0EC250003582F /* Project object */;
			proxyType = 1;
			remoteGlobalIDString = 32168E1B1EB0EC250003582F;
			remoteInfo = Containers2;
		};
/* End PBXContainerItemProxy section */

/* Begin PBXFileReference section */
		32168E1C1EB0EC250003582F /* Containers2.app */ = {isa = PBXFileReference; explicitFileType = wrapper.application; includeInIndex = 0; path = Containers2.app; sourceTree = BUILT_PRODUCTS_DIR; };
		32168E1F1EB0EC250003582F /* AppDelegate.swift */ = {isa = PBXFileReference; lastKnownFileType = sourcecode.swift; path = AppDelegate.swift; sourceTree = "<group>"; };
		32168E211EB0EC250003582F /* RedViewController.swift */ = {isa = PBXFileReference; lastKnownFileType = sourcecode.swift; path = RedViewController.swift; sourceTree = "<group>"; };
		32168E261EB0EC250003582F /* Assets.xcassets */ = {isa = PBXFileReference; lastKnownFileType = folder.assetcatalog; path = Assets.xcassets; sourceTree = "<group>"; };
		32168E291EB0EC250003582F /* Base */ = {isa = PBXFileReference; lastKnownFileType = file.storyboard; name = Base; path = Base.lproj/LaunchScreen.storyboard; sourceTree = "<group>"; };
		32168E2B1EB0EC250003582F /* Info.plist */ = {isa = PBXFileReference; lastKnownFileType = text.plist.xml; path = Info.plist; sourceTree = "<group>"; };
		32168E301EB0EC250003582F /* Containers2Tests.xctest */ = {isa = PBXFileReference; explicitFileType = wrapper.cfbundle; includeInIndex = 0; path = Containers2Tests.xctest; sourceTree = BUILT_PRODUCTS_DIR; };
		32168E341EB0EC250003582F /* Containers2Tests.swift */ = {isa = PBXFileReference; lastKnownFileType = sourcecode.swift; path = Containers2Tests.swift; sourceTree = "<group>"; };
		32168E361EB0EC250003582F /* Info.plist */ = {isa = PBXFileReference; lastKnownFileType = text.plist.xml; path = Info.plist; sourceTree = "<group>"; };
		32168E3B1EB0EC250003582F /* Containers2UITests.xctest */ = {isa = PBXFileReference; explicitFileType = wrapper.cfbundle; includeInIndex = 0; path = Containers2UITests.xctest; sourceTree = BUILT_PRODUCTS_DIR; };
		32168E3F1EB0EC250003582F /* Containers2UITests.swift */ = {isa = PBXFileReference; lastKnownFileType = sourcecode.swift; path = Containers2UITests.swift; sourceTree = "<group>"; };
		32168E411EB0EC250003582F /* Info.plist */ = {isa = PBXFileReference; lastKnownFileType = text.plist.xml; path = Info.plist; sourceTree = "<group>"; };
		3225600A1EB0F19E00FA634E /* BlueViewController.swift */ = {isa = PBXFileReference; fileEncoding = 4; lastKnownFileType = sourcecode.swift; path = BlueViewController.swift; sourceTree = "<group>"; };
		3225600D1EB0F1D400FA634E /* GreenViewController.swift */ = {isa = PBXFileReference; fileEncoding = 4; lastKnownFileType = sourcecode.swift; path = GreenViewController.swift; sourceTree = "<group>"; };
/* End PBXFileReference section */

/* Begin PBXFrameworksBuildPhase section */
		32168E191EB0EC250003582F /* Frameworks */ = {
			isa = PBXFrameworksBuildPhase;
			buildActionMask = 2147483647;
			files = (
			);
			runOnlyForDeploymentPostprocessing = 0;
		};
		32168E2D1EB0EC250003582F /* Frameworks */ = {
			isa = PBXFrameworksBuildPhase;
			buildActionMask = 2147483647;
			files = (
			);
			runOnlyForDeploymentPostprocessing = 0;
		};
		32168E381EB0EC250003582F /* Frameworks */ = {
			isa = PBXFrameworksBuildPhase;
			buildActionMask = 2147483647;
			files = (
			);
			runOnlyForDeploymentPostprocessing = 0;
		};
/* End PBXFrameworksBuildPhase section */

/* Begin PBXGroup section */
		32168E131EB0EC250003582F = {
			isa = PBXGroup;
			children = (
				32168E1E1EB0EC250003582F /* Containers2 */,
				32168E331EB0EC250003582F /* Containers2Tests */,
				32168E3E1EB0EC250003582F /* Containers2UITests */,
				32168E1D1EB0EC250003582F /* Products */,
			);
			sourceTree = "<group>";
		};
		32168E1D1EB0EC250003582F /* Products */ = {
			isa = PBXGroup;
			children = (
				32168E1C1EB0EC250003582F /* Containers2.app */,
				32168E301EB0EC250003582F /* Containers2Tests.xctest */,
				32168E3B1EB0EC250003582F /* Containers2UITests.xctest */,
			);
			name = Products;
			sourceTree = "<group>";
		};
		32168E1E1EB0EC250003582F /* Containers2 */ = {
			isa = PBXGroup;
			children = (
				32168E1F1EB0EC250003582F /* AppDelegate.swift */,
				32168E211EB0EC250003582F /* RedViewController.swift */,
				3225600A1EB0F19E00FA634E /* BlueViewController.swift */,
				3225600D1EB0F1D400FA634E /* GreenViewController.swift */,
				32168E261EB0EC250003582F /* Assets.xcassets */,
				32168E281EB0EC250003582F /* LaunchScreen.storyboard */,
				32168E2B1EB0EC250003582F /* Info.plist */,
			);
			path = Containers2;
			sourceTree = "<group>";
		};
		32168E331EB0EC250003582F /* Containers2Tests */ = {
			isa = PBXGroup;
			children = (
				32168E341EB0EC250003582F /* Containers2Tests.swift */,
				32168E361EB0EC250003582F /* Info.plist */,
			);
			path = Containers2Tests;
			sourceTree = "<group>";
		};
		32168E3E1EB0EC250003582F /* Containers2UITests */ = {
			isa = PBXGroup;
			children = (
				32168E3F1EB0EC250003582F /* Containers2UITests.swift */,
				32168E411EB0EC250003582F /* Info.plist */,
			);
			path = Containers2UITests;
			sourceTree = "<group>";
		};
/* End PBXGroup section */

/* Begin PBXNativeTarget section */
		32168E1B1EB0EC250003582F /* Containers2 */ = {
			isa = PBXNativeTarget;
			buildConfigurationList = 32168E441EB0EC250003582F /* Build configuration list for PBXNativeTarget "Containers2" */;
			buildPhases = (
				32168E181EB0EC250003582F /* Sources */,
				32168E191EB0EC250003582F /* Frameworks */,
				32168E1A1EB0EC250003582F /* Resources */,
			);
			buildRules = (
			);
			dependencies = (
			);
			name = Containers2;
			productName = Containers2;
			productReference = 32168E1C1EB0EC250003582F /* Containers2.app */;
			productType = "com.apple.product-type.application";
		};
		32168E2F1EB0EC250003582F /* Containers2Tests */ = {
			isa = PBXNativeTarget;
			buildConfigurationList = 32168E471EB0EC250003582F /* Build configuration list for PBXNativeTarget "Containers2Tests" */;
			buildPhases = (
				32168E2C1EB0EC250003582F /* Sources */,
				32168E2D1EB0EC250003582F /* Frameworks */,
				32168E2E1EB0EC250003582F /* Resources */,
			);
			buildRules = (
			);
			dependencies = (
				32168E321EB0EC250003582F /* PBXTargetDependency */,
			);
			name = Containers2Tests;
			productName = Containers2Tests;
			productReference = 32168E301EB0EC250003582F /* Containers2Tests.xctest */;
			productType = "com.apple.product-type.bundle.unit-test";
		};
		32168E3A1EB0EC250003582F /* Containers2UITests */ = {
			isa = PBXNativeTarget;
			buildConfigurationList = 32168E4A1EB0EC250003582F /* Build configuration list for PBXNativeTarget "Containers2UITests" */;
			buildPhases = (
				32168E371EB0EC250003582F /* Sources */,
				32168E381EB0EC250003582F /* Frameworks */,
				32168E391EB0EC250003582F /* Resources */,
			);
			buildRules = (
			);
			dependencies = (
				32168E3D1EB0EC250003582F /* PBXTargetDependency */,
			);
			name = Containers2UITests;
			productName = Containers2UITests;
			productReference = 32168E3B1EB0EC250003582F /* Containers2UITests.xctest */;
			productType = "com.apple.product-type.bundle.ui-testing";
		};
/* End PBXNativeTarget section */

/* Begin PBXProject section */
		32168E141EB0EC250003582F /* Project object */ = {
			isa = PBXProject;
			attributes = {
				LastSwiftUpdateCheck = 0830;
				LastUpgradeCheck = 0830;
				ORGANIZATIONNAME = "Buttons and Lights LLC";
				TargetAttributes = {
					32168E1B1EB0EC250003582F = {
						CreatedOnToolsVersion = 8.3.2;
						DevelopmentTeam = K3S3BWK3L4;
						ProvisioningStyle = Automatic;
					};
					32168E2F1EB0EC250003582F = {
						CreatedOnToolsVersion = 8.3.2;
						DevelopmentTeam = K3S3BWK3L4;
						ProvisioningStyle = Automatic;
						TestTargetID = 32168E1B1EB0EC250003582F;
					};
					32168E3A1EB0EC250003582F = {
						CreatedOnToolsVersion = 8.3.2;
						DevelopmentTeam = K3S3BWK3L4;
						ProvisioningStyle = Automatic;
						TestTargetID = 32168E1B1EB0EC250003582F;
					};
				};
			};
			buildConfigurationList = 32168E171EB0EC250003582F /* Build configuration list for PBXProject "Containers2" */;
			compatibilityVersion = "Xcode 3.2";
			developmentRegion = English;
			hasScannedForEncodings = 0;
			knownRegions = (
				en,
				Base,
			);
			mainGroup = 32168E131EB0EC250003582F;
			productRefGroup = 32168E1D1EB0EC250003582F /* Products */;
			projectDirPath = "";
			projectRoot = "";
			targets = (
				32168E1B1EB0EC250003582F /* Containers2 */,
				32168E2F1EB0EC250003582F /* Containers2Tests */,
				32168E3A1EB0EC250003582F /* Containers2UITests */,
			);
		};
/* End PBXProject section */

/* Begin PBXResourcesBuildPhase section */
		32168E1A1EB0EC250003582F /* Resources */ = {
			isa = PBXResourcesBuildPhase;
			buildActionMask = 2147483647;
			files = (
				32168E2A1EB0EC250003582F /* LaunchScreen.storyboard in Resources */,
				32168E271EB0EC250003582F /* Assets.xcassets in Resources */,
			);
			runOnlyForDeploymentPostprocessing = 0;
		};
		32168E2E1EB0EC250003582F /* Resources */ = {
			isa = PBXResourcesBuildPhase;
			buildActionMask = 2147483647;
			files = (
			);
			runOnlyForDeploymentPostprocessing = 0;
		};
		32168E391EB0EC250003582F /* Resources */ = {
			isa = PBXResourcesBuildPhase;
			buildActionMask = 2147483647;
			files = (
			);
			runOnlyForDeploymentPostprocessing = 0;
		};
/* End PBXResourcesBuildPhase section */

/* Begin PBXSourcesBuildPhase section */
		32168E181EB0EC250003582F /* Sources */ = {
			isa = PBXSourcesBuildPhase;
			buildActionMask = 2147483647;
			files = (
				3225600E1EB0F1D400FA634E /* GreenViewController.swift in Sources */,
				32168E221EB0EC250003582F /* RedViewController.swift in Sources */,
				3225600B1EB0F19E00FA634E /* BlueViewController.swift in Sources */,
				32168E201EB0EC250003582F /* AppDelegate.swift in Sources */,
			);
			runOnlyForDeploymentPostprocessing = 0;
		};
		32168E2C1EB0EC250003582F /* Sources */ = {
			isa = PBXSourcesBuildPhase;
			buildActionMask = 2147483647;
			files = (
				32168E351EB0EC250003582F /* Containers2Tests.swift in Sources */,
			);
			runOnlyForDeploymentPostprocessing = 0;
		};
		32168E371EB0EC250003582F /* Sources */ = {
			isa = PBXSourcesBuildPhase;
			buildActionMask = 2147483647;
			files = (
				32168E401EB0EC250003582F /* Containers2UITests.swift in Sources */,
			);
			runOnlyForDeploymentPostprocessing = 0;
		};
/* End PBXSourcesBuildPhase section */

/* Begin PBXTargetDependency section */
		32168E321EB0EC250003582F /* PBXTargetDependency */ = {
			isa = PBXTargetDependency;
			target = 32168E1B1EB0EC250003582F /* Containers2 */;
			targetProxy = 32168E311EB0EC250003582F /* PBXContainerItemProxy */;
		};
		32168E3D1EB0EC250003582F /* PBXTargetDependency */ = {
			isa = PBXTargetDependency;
			target = 32168E1B1EB0EC250003582F /* Containers2 */;
			targetProxy = 32168E3C1EB0EC250003582F /* PBXContainerItemProxy */;
		};
/* End PBXTargetDependency section */

/* Begin PBXVariantGroup section */
		32168E281EB0EC250003582F /* LaunchScreen.storyboard */ = {
			isa = PBXVariantGroup;
			children = (
				32168E291EB0EC250003582F /* Base */,
			);
			name = LaunchScreen.storyboard;
			sourceTree = "<group>";
		};
/* End PBXVariantGroup section */

/* Begin XCBuildConfiguration section */
		32168E421EB0EC250003582F /* Debug */ = {
			isa = XCBuildConfiguration;
			buildSettings = {
				ALWAYS_SEARCH_USER_PATHS = NO;
				CLANG_ANALYZER_NONNULL = YES;
				CLANG_ANALYZER_NUMBER_OBJECT_CONVERSION = YES_AGGRESSIVE;
				CLANG_CXX_LANGUAGE_STANDARD = "gnu++0x";
				CLANG_CXX_LIBRARY = "libc++";
				CLANG_ENABLE_MODULES = YES;
				CLANG_ENABLE_OBJC_ARC = YES;
				CLANG_WARN_BOOL_CONVERSION = YES;
				CLANG_WARN_CONSTANT_CONVERSION = YES;
				CLANG_WARN_DIRECT_OBJC_ISA_USAGE = YES_ERROR;
				CLANG_WARN_DOCUMENTATION_COMMENTS = YES;
				CLANG_WARN_EMPTY_BODY = YES;
				CLANG_WARN_ENUM_CONVERSION = YES;
				CLANG_WARN_INFINITE_RECURSION = YES;
				CLANG_WARN_INT_CONVERSION = YES;
				CLANG_WARN_OBJC_ROOT_CLASS = YES_ERROR;
				CLANG_WARN_SUSPICIOUS_MOVE = YES;
				CLANG_WARN_UNREACHABLE_CODE = YES;
				CLANG_WARN__DUPLICATE_METHOD_MATCH = YES;
				"CODE_SIGN_IDENTITY[sdk=iphoneos*]" = "iPhone Developer";
				COPY_PHASE_STRIP = NO;
				DEBUG_INFORMATION_FORMAT = dwarf;
				ENABLE_STRICT_OBJC_MSGSEND = YES;
				ENABLE_TESTABILITY = YES;
				GCC_C_LANGUAGE_STANDARD = gnu99;
				GCC_DYNAMIC_NO_PIC = NO;
				GCC_NO_COMMON_BLOCKS = YES;
				GCC_OPTIMIZATION_LEVEL = 0;
				GCC_PREPROCESSOR_DEFINITIONS = (
					"DEBUG=1",
					"$(inherited)",
				);
				GCC_WARN_64_TO_32_BIT_CONVERSION = YES;
				GCC_WARN_ABOUT_RETURN_TYPE = YES_ERROR;
				GCC_WARN_UNDECLARED_SELECTOR = YES;
				GCC_WARN_UNINITIALIZED_AUTOS = YES_AGGRESSIVE;
				GCC_WARN_UNUSED_FUNCTION = YES;
				GCC_WARN_UNUSED_VARIABLE = YES;
				IPHONEOS_DEPLOYMENT_TARGET = 10.3;
				MTL_ENABLE_DEBUG_INFO = YES;
				ONLY_ACTIVE_ARCH = YES;
				SDKROOT = iphoneos;
				SWIFT_ACTIVE_COMPILATION_CONDITIONS = DEBUG;
				SWIFT_OPTIMIZATION_LEVEL = "-Onone";
			};
			name = Debug;
		};
		32168E431EB0EC250003582F /* Release */ = {
			isa = XCBuildConfiguration;
			buildSettings = {
				ALWAYS_SEARCH_USER_PATHS = NO;
				CLANG_ANALYZER_NONNULL = YES;
				CLANG_ANALYZER_NUMBER_OBJECT_CONVERSION = YES_AGGRESSIVE;
				CLANG_CXX_LANGUAGE_STANDARD = "gnu++0x";
				CLANG_CXX_LIBRARY = "libc++";
				CLANG_ENABLE_MODULES = YES;
				CLANG_ENABLE_OBJC_ARC = YES;
				CLANG_WARN_BOOL_CONVERSION = YES;
				CLANG_WARN_CONSTANT_CONVERSION = YES;
				CLANG_WARN_DIRECT_OBJC_ISA_USAGE = YES_ERROR;
				CLANG_WARN_DOCUMENTATION_COMMENTS = YES;
				CLANG_WARN_EMPTY_BODY = YES;
				CLANG_WARN_ENUM_CONVERSION = YES;
				CLANG_WARN_INFINITE_RECURSION = YES;
				CLANG_WARN_INT_CONVERSION = YES;
				CLANG_WARN_OBJC_ROOT_CLASS = YES_ERROR;
				CLANG_WARN_SUSPICIOUS_MOVE = YES;
				CLANG_WARN_UNREACHABLE_CODE = YES;
				CLANG_WARN__DUPLICATE_METHOD_MATCH = YES;
				"CODE_SIGN_IDENTITY[sdk=iphoneos*]" = "iPhone Developer";
				COPY_PHASE_STRIP = NO;
				DEBUG_INFORMATION_FORMAT = "dwarf-with-dsym";
				ENABLE_NS_ASSERTIONS = NO;
				ENABLE_STRICT_OBJC_MSGSEND = YES;
				GCC_C_LANGUAGE_STANDARD = gnu99;
				GCC_NO_COMMON_BLOCKS = YES;
				GCC_WARN_64_TO_32_BIT_CONVERSION = YES;
				GCC_WARN_ABOUT_RETURN_TYPE = YES_ERROR;
				GCC_WARN_UNDECLARED_SELECTOR = YES;
				GCC_WARN_UNINITIALIZED_AUTOS = YES_AGGRESSIVE;
				GCC_WARN_UNUSED_FUNCTION = YES;
				GCC_WARN_UNUSED_VARIABLE = YES;
				IPHONEOS_DEPLOYMENT_TARGET = 10.3;
				MTL_ENABLE_DEBUG_INFO = NO;
				SDKROOT = iphoneos;
				SWIFT_OPTIMIZATION_LEVEL = "-Owholemodule";
				VALIDATE_PRODUCT = YES;
			};
			name = Release;
		};
		32168E451EB0EC250003582F /* Debug */ = {
			isa = XCBuildConfiguration;
			buildSettings = {
				ASSETCATALOG_COMPILER_APPICON_NAME = AppIcon;
				DEVELOPMENT_TEAM = K3S3BWK3L4;
				INFOPLIST_FILE = Containers2/Info.plist;
				LD_RUNPATH_SEARCH_PATHS = "$(inherited) @executable_path/Frameworks";
				PRODUCT_BUNDLE_IDENTIFIER = com.buttonsAndLights.Containers2;
				PRODUCT_NAME = "$(TARGET_NAME)";
				SWIFT_VERSION = 3.0;
				TARGETED_DEVICE_FAMILY = "1,2";
			};
			name = Debug;
		};
		32168E461EB0EC250003582F /* Release */ = {
			isa = XCBuildConfiguration;
			buildSettings = {
				ASSETCATALOG_COMPILER_APPICON_NAME = AppIcon;
				DEVELOPMENT_TEAM = K3S3BWK3L4;
				INFOPLIST_FILE = Containers2/Info.plist;
				LD_RUNPATH_SEARCH_PATHS = "$(inherited) @executable_path/Frameworks";
				PRODUCT_BUNDLE_IDENTIFIER = com.buttonsAndLights.Containers2;
				PRODUCT_NAME = "$(TARGET_NAME)";
				SWIFT_VERSION = 3.0;
				TARGETED_DEVICE_FAMILY = "1,2";
			};
			name = Release;
		};
		32168E481EB0EC250003582F /* Debug */ = {
			isa = XCBuildConfiguration;
			buildSettings = {
				ALWAYS_EMBED_SWIFT_STANDARD_LIBRARIES = YES;
				BUNDLE_LOADER = "$(TEST_HOST)";
				DEVELOPMENT_TEAM = K3S3BWK3L4;
				INFOPLIST_FILE = Containers2Tests/Info.plist;
				LD_RUNPATH_SEARCH_PATHS = "$(inherited) @executable_path/Frameworks @loader_path/Frameworks";
				PRODUCT_BUNDLE_IDENTIFIER = com.buttonsAndLights.Containers2Tests;
				PRODUCT_NAME = "$(TARGET_NAME)";
				SWIFT_VERSION = 3.0;
				TEST_HOST = "$(BUILT_PRODUCTS_DIR)/Containers2.app/Containers2";
			};
			name = Debug;
		};
		32168E491EB0EC250003582F /* Release */ = {
			isa = XCBuildConfiguration;
			buildSettings = {
				ALWAYS_EMBED_SWIFT_STANDARD_LIBRARIES = YES;
				BUNDLE_LOADER = "$(TEST_HOST)";
				DEVELOPMENT_TEAM = K3S3BWK3L4;
				INFOPLIST_FILE = Containers2Tests/Info.plist;
				LD_RUNPATH_SEARCH_PATHS = "$(inherited) @executable_path/Frameworks @loader_path/Frameworks";
				PRODUCT_BUNDLE_IDENTIFIER = com.buttonsAndLights.Containers2Tests;
				PRODUCT_NAME = "$(TARGET_NAME)";
				SWIFT_VERSION = 3.0;
				TEST_HOST = "$(BUILT_PRODUCTS_DIR)/Containers2.app/Containers2";
			};
			name = Release;
		};
		32168E4B1EB0EC250003582F /* Debug */ = {
			isa = XCBuildConfiguration;
			buildSettings = {
				ALWAYS_EMBED_SWIFT_STANDARD_LIBRARIES = YES;
				DEVELOPMENT_TEAM = K3S3BWK3L4;
				INFOPLIST_FILE = Containers2UITests/Info.plist;
				LD_RUNPATH_SEARCH_PATHS = "$(inherited) @executable_path/Frameworks @loader_path/Frameworks";
				PRODUCT_BUNDLE_IDENTIFIER = com.buttonsAndLights.Containers2UITests;
				PRODUCT_NAME = "$(TARGET_NAME)";
				SWIFT_VERSION = 3.0;
				TEST_TARGET_NAME = Containers2;
			};
			name = Debug;
		};
		32168E4C1EB0EC250003582F /* Release */ = {
			isa = XCBuildConfiguration;
			buildSettings = {
				ALWAYS_EMBED_SWIFT_STANDARD_LIBRARIES = YES;
				DEVELOPMENT_TEAM = K3S3BWK3L4;
				INFOPLIST_FILE = Containers2UITests/Info.plist;
				LD_RUNPATH_SEARCH_PATHS = "$(inherited) @executable_path/Frameworks @loader_path/Frameworks";
				PRODUCT_BUNDLE_IDENTIFIER = com.buttonsAndLights.Containers2UITests;
				PRODUCT_NAME = "$(TARGET_NAME)";
				SWIFT_VERSION = 3.0;
				TEST_TARGET_NAME = Containers2;
			};
			name = Release;
		};
/* End XCBuildConfiguration section */

/* Begin XCConfigurationList section */
		32168E171EB0EC250003582F /* Build configuration list for PBXProject "Containers2" */ = {
			isa = XCConfigurationList;
			buildConfigurations = (
				32168E421EB0EC250003582F /* Debug */,
				32168E431EB0EC250003582F /* Release */,
			);
			defaultConfigurationIsVisible = 0;
			defaultConfigurationName = Release;
		};
		32168E441EB0EC250003582F /* Build configuration list for PBXNativeTarget "Containers2" */ = {
			isa = XCConfigurationList;
			buildConfigurations = (
				32168E451EB0EC250003582F /* Debug */,
				32168E461EB0EC250003582F /* Release */,
			);
			defaultConfigurationIsVisible = 0;
			defaultConfigurationName = Release;
		};
		32168E471EB0EC250003582F /* Build configuration list for PBXNativeTarget "Containers2Tests" */ = {
			isa = XCConfigurationList;
			buildConfigurations = (
				32168E481EB0EC250003582F /* Debug */,
				32168E491EB0EC250003582F /* Release */,
			);
			defaultConfigurationIsVisible = 0;
			defaultConfigurationName = Release;
		};
		32168E4A1EB0EC250003582F /* Build configuration list for PBXNativeTarget "Containers2UITests" */ = {
			isa = XCConfigurationList;
			buildConfigurations = (
				32168E4B1EB0EC250003582F /* Debug */,
				32168E4C1EB0EC250003582F /* Release */,
			);
			defaultConfigurationIsVisible = 0;
			defaultConfigurationName = Release;
		};
/* End XCConfigurationList section */
	};
	rootObject = 32168E141EB0EC250003582F /* Project object */;
}
